// !$*UTF8*$!
{
	archiveVersion = 1;
	classes = {
	};
	objectVersion = 50;
	objects = {

/* Begin PBXBuildFile section */
		613DFC7D2430FFDF006C28DA /* AppDelegate.swift in Sources */ = {isa = PBXBuildFile; fileRef = 613DFC7C2430FFDF006C28DA /* AppDelegate.swift */; };
		613DFC7F2430FFDF006C28DA /* SceneDelegate.swift in Sources */ = {isa = PBXBuildFile; fileRef = 613DFC7E2430FFDF006C28DA /* SceneDelegate.swift */; };
		613DFC812430FFDF006C28DA /* ViewController.swift in Sources */ = {isa = PBXBuildFile; fileRef = 613DFC802430FFDF006C28DA /* ViewController.swift */; };
		613DFC842430FFDF006C28DA /* Main.storyboard in Resources */ = {isa = PBXBuildFile; fileRef = 613DFC822430FFDF006C28DA /* Main.storyboard */; };
		613DFC862430FFE4006C28DA /* Assets.xcassets in Resources */ = {isa = PBXBuildFile; fileRef = 613DFC852430FFE4006C28DA /* Assets.xcassets */; };
		613DFC892430FFE4006C28DA /* LaunchScreen.storyboard in Resources */ = {isa = PBXBuildFile; fileRef = 613DFC872430FFE4006C28DA /* LaunchScreen.storyboard */; };
/* End PBXBuildFile section */

/* Begin PBXFileReference section */
		613DFC792430FFDF006C28DA /* DemoControlSegment.app */ = {isa = PBXFileReference; explicitFileType = wrapper.application; includeInIndex = 0; path = DemoControlSegment.app; sourceTree = BUILT_PRODUCTS_DIR; };
		613DFC7C2430FFDF006C28DA /* AppDelegate.swift */ = {isa = PBXFileReference; lastKnownFileType = sourcecode.swift; path = AppDelegate.swift; sourceTree = "<group>"; };
		613DFC7E2430FFDF006C28DA /* SceneDelegate.swift */ = {isa = PBXFileReference; lastKnownFileType = sourcecode.swift; path = SceneDelegate.swift; sourceTree = "<group>"; };
		613DFC802430FFDF006C28DA /* ViewController.swift */ = {isa = PBXFileReference; lastKnownFileType = sourcecode.swift; path = ViewController.swift; sourceTree = "<group>"; };
		613DFC832430FFDF006C28DA /* Base */ = {isa = PBXFileReference; lastKnownFileType = file.storyboard; name = Base; path = Base.lproj/Main.storyboard; sourceTree = "<group>"; };
		613DFC852430FFE4006C28DA /* Assets.xcassets */ = {isa = PBXFileReference; lastKnownFileType = folder.assetcatalog; path = Assets.xcassets; sourceTree = "<group>"; };
		613DFC882430FFE4006C28DA /* Base */ = {isa = PBXFileReference; lastKnownFileType = file.storyboard; name = Base; path = Base.lproj/LaunchScreen.storyboard; sourceTree = "<group>"; };
		613DFC8A2430FFE4006C28DA /* Info.plist */ = {isa = PBXFileReference; lastKnownFileType = text.plist.xml; path = Info.plist; sourceTree = "<group>"; };
/* End PBXFileReference section */

/* Begin PBXFrameworksBuildPhase section */
		613DFC762430FFDF006C28DA /* Frameworks */ = {
			isa = PBXFrameworksBuildPhase;
			buildActionMask = 2147483647;
			files = (
			);
			runOnlyForDeploymentPostprocessing = 0;
		};
/* End PBXFrameworksBuildPhase section */

/* Begin PBXGroup section */
		613DFC702430FFDF006C28DA = {
			isa = PBXGroup;
			children = (
				613DFC7B2430FFDF006C28DA /* DemoControlSegment */,
				613DFC7A2430FFDF006C28DA /* Products */,
			);
			sourceTree = "<group>";
		};
		613DFC7A2430FFDF006C28DA /* Products */ = {
			isa = PBXGroup;
			children = (
				613DFC792430FFDF006C28DA /* DemoControlSegment.app */,
			);
			name = Products;
			sourceTree = "<group>";
		};
		613DFC7B2430FFDF006C28DA /* DemoControlSegment */ = {
			isa = PBXGroup;
			children = (
				613DFC7C2430FFDF006C28DA /* AppDelegate.swift */,
				613DFC7E2430FFDF006C28DA /* SceneDelegate.swift */,
				613DFC802430FFDF006C28DA /* ViewController.swift */,
				613DFC822430FFDF006C28DA /* Main.storyboard */,
				613DFC852430FFE4006C28DA /* Assets.xcassets */,
				613DFC872430FFE4006C28DA /* LaunchScreen.storyboard */,
				613DFC8A2430FFE4006C28DA /* Info.plist */,
			);
			path = DemoControlSegment;
			sourceTree = "<group>";
		};
/* End PBXGroup section */

/* Begin PBXNativeTarget section */
		613DFC782430FFDF006C28DA /* DemoControlSegment */ = {
			isa = PBXNativeTarget;
			buildConfigurationList = 613DFC8D2430FFE4006C28DA /* Build configuration list for PBXNativeTarget "DemoControlSegment" */;
			buildPhases = (
				613DFC752430FFDF006C28DA /* Sources */,
				613DFC762430FFDF006C28DA /* Frameworks */,
				613DFC772430FFDF006C28DA /* Resources */,
			);
			buildRules = (
			);
			dependencies = (
			);
			name = DemoControlSegment;
			productName = DemoControlSegment;
			productReference = 613DFC792430FFDF006C28DA /* DemoControlSegment.app */;
			productType = "com.apple.product-type.application";
		};
/* End PBXNativeTarget section */

/* Begin PBXProject section */
		613DFC712430FFDF006C28DA /* Project object */ = {
			isa = PBXProject;
			attributes = {
				LastSwiftUpdateCheck = 1140;
				LastUpgradeCheck = 1140;
				ORGANIZATIONNAME = "Mr Ích";
				TargetAttributes = {
					613DFC782430FFDF006C28DA = {
						CreatedOnToolsVersion = 11.4;
					};
				};
			};
			buildConfigurationList = 613DFC742430FFDF006C28DA /* Build configuration list for PBXProject "DemoControlSegment" */;
			compatibilityVersion = "Xcode 9.3";
			developmentRegion = en;
			hasScannedForEncodings = 0;
			knownRegions = (
				en,
				Base,
			);
			mainGroup = 613DFC702430FFDF006C28DA;
			productRefGroup = 613DFC7A2430FFDF006C28DA /* Products */;
			projectDirPath = "";
			projectRoot = "";
			targets = (
				613DFC782430FFDF006C28DA /* DemoControlSegment */,
			);
		};
/* End PBXProject section */

/* Begin PBXResourcesBuildPhase section */
		613DFC772430FFDF006C28DA /* Resources */ = {
			isa = PBXResourcesBuildPhase;
			buildActionMask = 2147483647;
			files = (
				613DFC892430FFE4006C28DA /* LaunchScreen.storyboard in Resources */,
				613DFC862430FFE4006C28DA /* Assets.xcassets in Resources */,
				613DFC842430FFDF006C28DA /* Main.storyboard in Resources */,
			);
			runOnlyForDeploymentPostprocessing = 0;
		};
/* End PBXResourcesBuildPhase section */

/* Begin PBXSourcesBuildPhase section */
		613DFC752430FFDF006C28DA /* Sources */ = {
			isa = PBXSourcesBuildPhase;
			buildActionMask = 2147483647;
			files = (
				613DFC812430FFDF006C28DA /* ViewController.swift in Sources */,
				613DFC7D2430FFDF006C28DA /* AppDelegate.swift in Sources */,
				613DFC7F2430FFDF006C28DA /* SceneDelegate.swift in Sources */,
			);
			runOnlyForDeploymentPostprocessing = 0;
		};
/* End PBXSourcesBuildPhase section */

/* Begin PBXVariantGroup section */
		613DFC822430FFDF006C28DA /* Main.storyboard */ = {
			isa = PBXVariantGroup;
			children = (
				613DFC832430FFDF006C28DA /* Base */,
			);
			name = Main.storyboard;
			sourceTree = "<group>";
		};
		613DFC872430FFE4006C28DA /* LaunchScreen.storyboard */ = {
			isa = PBXVariantGroup;
			children = (
				613DFC882430FFE4006C28DA /* Base */,
			);
			name = LaunchScreen.storyboard;
			sourceTree = "<group>";
		};
/* End PBXVariantGroup section */

/* Begin XCBuildConfiguration section */
		613DFC8B2430FFE4006C28DA /* Debug */ = {
			isa = XCBuildConfiguration;
			buildSettings = {
				ALWAYS_SEARCH_USER_PATHS = NO;
				CLANG_ANALYZER_NONNULL = YES;
				CLANG_ANALYZER_NUMBER_OBJECT_CONVERSION = YES_AGGRESSIVE;
				CLANG_CXX_LANGUAGE_STANDARD = "gnu++14";
				CLANG_CXX_LIBRARY = "libc++";
				CLANG_ENABLE_MODULES = YES;
				CLANG_ENABLE_OBJC_ARC = YES;
				CLANG_ENABLE_OBJC_WEAK = YES;
				CLANG_WARN_BLOCK_CAPTURE_AUTORELEASING = YES;
				CLANG_WARN_BOOL_CONVERSION = YES;
				CLANG_WARN_COMMA = YES;
				CLANG_WARN_CONSTANT_CONVERSION = YES;
				CLANG_WARN_DEPRECATED_OBJC_IMPLEMENTATIONS = YES;
				CLANG_WARN_DIRECT_OBJC_ISA_USAGE = YES_ERROR;
				CLANG_WARN_DOCUMENTATION_COMMENTS = YES;
				CLANG_WARN_EMPTY_BODY = YES;
				CLANG_WARN_ENUM_CONVERSION = YES;
				CLANG_WARN_INFINITE_RECURSION = YES;
				CLANG_WARN_INT_CONVERSION = YES;
				CLANG_WARN_NON_LITERAL_NULL_CONVERSION = YES;
				CLANG_WARN_OBJC_IMPLICIT_RETAIN_SELF = YES;
				CLANG_WARN_OBJC_LITERAL_CONVERSION = YES;
				CLANG_WARN_OBJC_ROOT_CLASS = YES_ERROR;
				CLANG_WARN_RANGE_LOOP_ANALYSIS = YES;
				CLANG_WARN_STRICT_PROTOTYPES = YES;
				CLANG_WARN_SUSPICIOUS_MOVE = YES;
				CLANG_WARN_UNGUARDED_AVAILABILITY = YES_AGGRESSIVE;
				CLANG_WARN_UNREACHABLE_CODE = YES;
				CLANG_WARN__DUPLICATE_METHOD_MATCH = YES;
				COPY_PHASE_STRIP = NO;
				DEBUG_INFORMATION_FORMAT = dwarf;
				ENABLE_STRICT_OBJC_MSGSEND = YES;
				ENABLE_TESTABILITY = YES;
				GCC_C_LANGUAGE_STANDARD = gnu11;
				GCC_DYNAMIC_NO_PIC = NO;
				GCC_NO_COMMON_BLOCKS = YES;
				GCC_OPTIMIZATION_LEVEL = 0;
				GCC_PREPROCESSOR_DEFINITIONS = (
					"DEBUG=1",
					"$(inherited)",
				);
				GCC_WARN_64_TO_32_BIT_CONVERSION = YES;
				GCC_WARN_ABOUT_RETURN_TYPE = YES_ERROR;
				GCC_WARN_UNDECLARED_SELECTOR = YES;
				GCC_WARN_UNINITIALIZED_AUTOS = YES_AGGRESSIVE;
				GCC_WARN_UNUSED_FUNCTION = YES;
				GCC_WARN_UNUSED_VARIABLE = YES;
				IPHONEOS_DEPLOYMENT_TARGET = 13.4;
				MTL_ENABLE_DEBUG_INFO = INCLUDE_SOURCE;
				MTL_FAST_MATH = YES;
				ONLY_ACTIVE_ARCH = YES;
				SDKROOT = iphoneos;
				SWIFT_ACTIVE_COMPILATION_CONDITIONS = DEBUG;
				SWIFT_OPTIMIZATION_LEVEL = "-Onone";
			};
			name = Debug;
		};
		613DFC8C2430FFE4006C28DA /* Release */ = {
			isa = XCBuildConfiguration;
			buildSettings = {
				ALWAYS_SEARCH_USER_PATHS = NO;
				CLANG_ANALYZER_NONNULL = YES;
				CLANG_ANALYZER_NUMBER_OBJECT_CONVERSION = YES_AGGRESSIVE;
				CLANG_CXX_LANGUAGE_STANDARD = "gnu++14";
				CLANG_CXX_LIBRARY = "libc++";
				CLANG_ENABLE_MODULES = YES;
				CLANG_ENABLE_OBJC_ARC = YES;
				CLANG_ENABLE_OBJC_WEAK = YES;
				CLANG_WARN_BLOCK_CAPTURE_AUTORELEASING = YES;
				CLANG_WARN_BOOL_CONVERSION = YES;
				CLANG_WARN_COMMA = YES;
				CLANG_WARN_CONSTANT_CONVERSION = YES;
				CLANG_WARN_DEPRECATED_OBJC_IMPLEMENTATIONS = YES;
				CLANG_WARN_DIRECT_OBJC_ISA_USAGE = YES_ERROR;
				CLANG_WARN_DOCUMENTATION_COMMENTS = YES;
				CLANG_WARN_EMPTY_BODY = YES;
				CLANG_WARN_ENUM_CONVERSION = YES;
				CLANG_WARN_INFINITE_RECURSION = YES;
				CLANG_WARN_INT_CONVERSION = YES;
				CLANG_WARN_NON_LITERAL_NULL_CONVERSION = YES;
				CLANG_WARN_OBJC_IMPLICIT_RETAIN_SELF = YES;
				CLANG_WARN_OBJC_LITERAL_CONVERSION = YES;
				CLANG_WARN_OBJC_ROOT_CLASS = YES_ERROR;
				CLANG_WARN_RANGE_LOOP_ANALYSIS = YES;
				CLANG_WARN_STRICT_PROTOTYPES = YES;
				CLANG_WARN_SUSPICIOUS_MOVE = YES;
				CLANG_WARN_UNGUARDED_AVAILABILITY = YES_AGGRESSIVE;
				CLANG_WARN_UNREACHABLE_CODE = YES;
				CLANG_WARN__DUPLICATE_METHOD_MATCH = YES;
				COPY_PHASE_STRIP = NO;
				DEBUG_INFORMATION_FORMAT = "dwarf-with-dsym";
				ENABLE_NS_ASSERTIONS = NO;
				ENABLE_STRICT_OBJC_MSGSEND = YES;
				GCC_C_LANGUAGE_STANDARD = gnu11;
				GCC_NO_COMMON_BLOCKS = YES;
				GCC_WARN_64_TO_32_BIT_CONVERSION = YES;
				GCC_WARN_ABOUT_RETURN_TYPE = YES_ERROR;
				GCC_WARN_UNDECLARED_SELECTOR = YES;
				GCC_WARN_UNINITIALIZED_AUTOS = YES_AGGRESSIVE;
				GCC_WARN_UNUSED_FUNCTION = YES;
				GCC_WARN_UNUSED_VARIABLE = YES;
				IPHONEOS_DEPLOYMENT_TARGET = 13.4;
				MTL_ENABLE_DEBUG_INFO = NO;
				MTL_FAST_MATH = YES;
				SDKROOT = iphoneos;
				SWIFT_COMPILATION_MODE = wholemodule;
				SWIFT_OPTIMIZATION_LEVEL = "-O";
				VALIDATE_PRODUCT = YES;
			};
			name = Release;
		};
		613DFC8E2430FFE4006C28DA /* Debug */ = {
			isa = XCBuildConfiguration;
			buildSettings = {
				ASSETCATALOG_COMPILER_APPICON_NAME = AppIcon;
				CODE_SIGN_STYLE = Automatic;
				INFOPLIST_FILE = DemoControlSegment/Info.plist;
				LD_RUNPATH_SEARCH_PATHS = (
					"$(inherited)",
					"@executable_path/Frameworks",
				);
				PRODUCT_BUNDLE_IDENTIFIER = com.ichnv.DemoControlSegment;
				PRODUCT_NAME = "$(TARGET_NAME)";
				SWIFT_VERSION = 5.0;
				TARGETED_DEVICE_FAMILY = "1,2";
			};
			name = Debug;
		};
		613DFC8F2430FFE4006C28DA /* Release */ = {
			isa = XCBuildConfiguration;
			buildSettings = {
				ASSETCATALOG_COMPILER_APPICON_NAME = AppIcon;
				CODE_SIGN_STYLE = Automatic;
				INFOPLIST_FILE = DemoControlSegment/Info.plist;
				LD_RUNPATH_SEARCH_PATHS = (
					"$(inherited)",
					"@executable_path/Frameworks",
				);
				PRODUCT_BUNDLE_IDENTIFIER = com.ichnv.DemoControlSegment;
				PRODUCT_NAME = "$(TARGET_NAME)";
				SWIFT_VERSION = 5.0;
				TARGETED_DEVICE_FAMILY = "1,2";
			};
			name = Release;
		};
/* End XCBuildConfiguration section */

/* Begin XCConfigurationList section */
		613DFC742430FFDF006C28DA /* Build configuration list for PBXProject "DemoControlSegment" */ = {
			isa = XCConfigurationList;
			buildConfigurations = (
				613DFC8B2430FFE4006C28DA /* Debug */,
				613DFC8C2430FFE4006C28DA /* Release */,
			);
			defaultConfigurationIsVisible = 0;
			defaultConfigurationName = Release;
		};
		613DFC8D2430FFE4006C28DA /* Build configuration list for PBXNativeTarget "DemoControlSegment" */ = {
			isa = XCConfigurationList;
			buildConfigurations = (
				613DFC8E2430FFE4006C28DA /* Debug */,
				613DFC8F2430FFE4006C28DA /* Release */,
			);
			defaultConfigurationIsVisible = 0;
			defaultConfigurationName = Release;
		};
/* End XCConfigurationList section */
	};
	rootObject = 613DFC712430FFDF006C28DA /* Project object */;
}
